// !$*UTF8*$!
{
   archiveVersion = "1";
   objectVersion = "46";
   objects = {
      "Kitura-net::CHTTPParser" = {
         isa = "PBXNativeTarget";
         buildConfigurationList = "OBJ_96";
         buildPhases = (
            "OBJ_99",
            "OBJ_102",
            "OBJ_106"
         );
         dependencies = (
         );
         name = "CHTTPParser";
         productName = "CHTTPParser";
         productReference = "Kitura-net::CHTTPParser::Product";
         productType = "com.apple.product-type.framework";
      };
      "Kitura-net::CHTTPParser::Product" = {
         isa = "PBXFileReference";
         path = "CHTTPParser.framework";
         sourceTree = "BUILT_PRODUCTS_DIR";
      };
      "Kitura-net::KituraNet" = {
         isa = "PBXNativeTarget";
         buildConfigurationList = "OBJ_171";
         buildPhases = (
            "OBJ_174",
            "OBJ_211"
         );
         dependencies = (
            "OBJ_216",
            "OBJ_217",
            "OBJ_218",
            "OBJ_219"
         );
         name = "KituraNet";
         productName = "KituraNet";
         productReference = "Kitura-net::KituraNet::Product";
         productType = "com.apple.product-type.framework";
      };
      "Kitura-net::KituraNet::Product" = {
         isa = "PBXFileReference";
         path = "KituraNet.framework";
         sourceTree = "BUILT_PRODUCTS_DIR";
      };
      "Kitura-net::SwiftPMPackageDescription" = {
         isa = "PBXNativeTarget";
         buildConfigurationList = "OBJ_108";
         buildPhases = (
            "OBJ_111"
         );
         dependencies = (
         );
         name = "Kitura-netPackageDescription";
         productName = "Kitura-netPackageDescription";
         productType = "com.apple.product-type.framework";
      };
      "KituraHTTPTest::KituraHTTPTest" = {
         isa = "PBXNativeTarget";
         buildConfigurationList = "OBJ_114";
         buildPhases = (
            "OBJ_117",
            "OBJ_120"
         );
         dependencies = (
            "OBJ_127",
            "OBJ_129",
            "OBJ_131",
            "OBJ_133",
            "OBJ_135",
            "OBJ_137"
         );
         name = "KituraHTTPTest";
         productName = "KituraHTTPTest";
         productReference = "KituraHTTPTest::KituraHTTPTest::Product";
         productType = "com.apple.product-type.framework";
      };
      "KituraHTTPTest::KituraHTTPTest::Product" = {
         isa = "PBXFileReference";
         path = "KituraHTTPTest.framework";
         sourceTree = "BUILT_PRODUCTS_DIR";
      };
      "KituraHTTPTest::KituraHTTPTestPackageTests::ProductTarget" = {
         isa = "PBXAggregateTarget";
         buildConfigurationList = "OBJ_145";
         buildPhases = (
         );
         dependencies = (
            "OBJ_148"
         );
         name = "KituraHTTPTestPackageTests";
         productName = "KituraHTTPTestPackageTests";
      };
      "KituraHTTPTest::KituraHTTPTestTests" = {
         isa = "PBXNativeTarget";
         buildConfigurationList = "OBJ_150";
         buildPhases = (
            "OBJ_153",
            "OBJ_156"
         );
         dependencies = (
            "OBJ_164",
            "OBJ_165",
            "OBJ_166",
            "OBJ_167",
            "OBJ_168",
            "OBJ_169",
            "OBJ_170"
         );
         name = "KituraHTTPTestTests";
         productName = "KituraHTTPTestTests";
         productReference = "KituraHTTPTest::KituraHTTPTestTests::Product";
         productType = "com.apple.product-type.bundle.unit-test";
      };
      "KituraHTTPTest::KituraHTTPTestTests::Product" = {
         isa = "PBXFileReference";
         path = "KituraHTTPTestTests.xctest";
         sourceTree = "BUILT_PRODUCTS_DIR";
      };
      "KituraHTTPTest::SwiftPMPackageDescription" = {
         isa = "PBXNativeTarget";
         buildConfigurationList = "OBJ_139";
         buildPhases = (
            "OBJ_142"
         );
         dependencies = (
         );
         name = "KituraHTTPTestPackageDescription";
         productName = "KituraHTTPTestPackageDescription";
         productType = "com.apple.product-type.framework";
      };
      "LoggerAPI::LoggerAPI" = {
         isa = "PBXNativeTarget";
         buildConfigurationList = "OBJ_220";
         buildPhases = (
            "OBJ_223",
            "OBJ_225"
         );
         dependencies = (
         );
         name = "LoggerAPI";
         productName = "LoggerAPI";
         productReference = "LoggerAPI::LoggerAPI::Product";
         productType = "com.apple.product-type.framework";
      };
      "LoggerAPI::LoggerAPI::Product" = {
         isa = "PBXFileReference";
         path = "LoggerAPI.framework";
         sourceTree = "BUILT_PRODUCTS_DIR";
      };
      "LoggerAPI::SwiftPMPackageDescription" = {
         isa = "PBXNativeTarget";
         buildConfigurationList = "OBJ_227";
         buildPhases = (
            "OBJ_230"
         );
         dependencies = (
         );
         name = "LoggerAPIPackageDescription";
         productName = "LoggerAPIPackageDescription";
         productType = "com.apple.product-type.framework";
      };
      "OBJ_1" = {
         isa = "PBXProject";
         attributes = {
            LastUpgradeCheck = "9999";
         };
         buildConfigurationList = "OBJ_2";
         compatibilityVersion = "Xcode 3.2";
         developmentRegion = "English";
         hasScannedForEncodings = "0";
         knownRegions = (
            "en"
         );
         mainGroup = "OBJ_5";
         productRefGroup = "OBJ_86";
         projectDirPath = ".";
         targets = (
            "Kitura-net::CHTTPParser",
            "Kitura-net::SwiftPMPackageDescription",
            "KituraHTTPTest::KituraHTTPTest",
            "KituraHTTPTest::SwiftPMPackageDescription",
            "KituraHTTPTest::KituraHTTPTestPackageTests::ProductTarget",
            "KituraHTTPTest::KituraHTTPTestTests",
            "Kitura-net::KituraNet",
            "LoggerAPI::LoggerAPI",
            "LoggerAPI::SwiftPMPackageDescription",
            "SSLService::SSLService",
            "SSLService::SwiftPMPackageDescription",
            "Socket::Socket",
            "Socket::SwiftPMPackageDescription",
            "SwiftyJSON::SwiftyJSON",
            "SwiftyJSON::SwiftPMPackageDescription"
         );
      };
      "OBJ_10" = {
         isa = "PBXFileReference";
         path = "ResponseRecorder.swift";
         sourceTree = "<group>";
      };
      "OBJ_100" = {
         isa = "PBXBuildFile";
         fileRef = "OBJ_65";
      };
      "OBJ_101" = {
         isa = "PBXBuildFile";
         fileRef = "OBJ_66";
      };
      "OBJ_102" = {
         isa = "PBXHeadersBuildPhase";
         files = (
            "OBJ_103",
            "OBJ_104",
            "OBJ_105"
         );
      };
      "OBJ_103" = {
         isa = "PBXBuildFile";
         fileRef = "OBJ_68";
         settings = {
            ATTRIBUTES = (
               "Public"
            );
         };
      };
      "OBJ_104" = {
         isa = "PBXBuildFile";
         fileRef = "OBJ_69";
         settings = {
            ATTRIBUTES = (
               "Public"
            );
         };
      };
      "OBJ_105" = {
         isa = "PBXBuildFile";
         fileRef = "OBJ_70";
         settings = {
            ATTRIBUTES = (
               "Public"
            );
         };
      };
      "OBJ_106" = {
         isa = "PBXFrameworksBuildPhase";
         files = (
         );
      };
      "OBJ_108" = {
         isa = "XCConfigurationList";
         buildConfigurations = (
            "OBJ_109",
            "OBJ_110"
         );
         defaultConfigurationIsVisible = "0";
         defaultConfigurationName = "Release";
      };
      "OBJ_109" = {
         isa = "XCBuildConfiguration";
         buildSettings = {
            LD = "/usr/bin/true";
            OTHER_SWIFT_FLAGS = (
               "-swift-version",
               "4.2",
               "-I",
               "$(TOOLCHAIN_DIR)/usr/lib/swift/pm/4_2",
               "-target",
               "x86_64-apple-macosx10.10",
               "-sdk",
               "/Applications/Xcode.app/Contents/Developer/Platforms/MacOSX.platform/Developer/SDKs/MacOSX10.14.sdk"
            );
            SWIFT_VERSION = "4.2";
         };
         name = "Debug";
      };
      "OBJ_11" = {
         isa = "PBXGroup";
         children = (
            "OBJ_12"
         );
         name = "Tests";
         path = "";
         sourceTree = "SOURCE_ROOT";
      };
      "OBJ_110" = {
         isa = "XCBuildConfiguration";
         buildSettings = {
            LD = "/usr/bin/true";
            OTHER_SWIFT_FLAGS = (
               "-swift-version",
               "4.2",
               "-I",
               "$(TOOLCHAIN_DIR)/usr/lib/swift/pm/4_2",
               "-target",
               "x86_64-apple-macosx10.10",
               "-sdk",
               "/Applications/Xcode.app/Contents/Developer/Platforms/MacOSX.platform/Developer/SDKs/MacOSX10.14.sdk"
            );
            SWIFT_VERSION = "4.2";
         };
         name = "Release";
      };
      "OBJ_111" = {
         isa = "PBXSourcesBuildPhase";
         files = (
            "OBJ_112"
         );
      };
      "OBJ_112" = {
         isa = "PBXBuildFile";
         fileRef = "OBJ_71";
      };
      "OBJ_114" = {
         isa = "XCConfigurationList";
         buildConfigurations = (
            "OBJ_115",
            "OBJ_116"
         );
         defaultConfigurationIsVisible = "0";
         defaultConfigurationName = "Release";
      };
      "OBJ_115" = {
         isa = "XCBuildConfiguration";
         buildSettings = {
            ENABLE_TESTABILITY = "YES";
            FRAMEWORK_SEARCH_PATHS = (
               "$(inherited)",
               "$(PLATFORM_DIR)/Developer/Library/Frameworks"
            );
            HEADER_SEARCH_PATHS = (
               "$(inherited)",
               "$(SRCROOT)/.build/checkouts/Kitura-net.git-1653805053203674557/Sources/CCurl",
               "$(SRCROOT)/.build/checkouts/Kitura-net.git-1653805053203674557/Sources/CHTTPParser/include"
            );
            INFOPLIST_FILE = "KituraHTTPTest.xcodeproj/KituraHTTPTest_Info.plist";
            LD_RUNPATH_SEARCH_PATHS = (
               "$(inherited)",
               "$(TOOLCHAIN_DIR)/usr/lib/swift/macosx"
            );
            OTHER_CFLAGS = (
               "$(inherited)"
            );
            OTHER_LDFLAGS = (
               "$(inherited)"
            );
            OTHER_SWIFT_FLAGS = (
               "$(inherited)"
            );
            PRODUCT_BUNDLE_IDENTIFIER = "KituraHTTPTest";
            PRODUCT_MODULE_NAME = "$(TARGET_NAME:c99extidentifier)";
            PRODUCT_NAME = "$(TARGET_NAME:c99extidentifier)";
            SKIP_INSTALL = "YES";
            SWIFT_ACTIVE_COMPILATION_CONDITIONS = (
               "$(inherited)"
            );
            SWIFT_VERSION = "4.0";
            TARGET_NAME = "KituraHTTPTest";
         };
         name = "Debug";
      };
      "OBJ_116" = {
         isa = "XCBuildConfiguration";
         buildSettings = {
            ENABLE_TESTABILITY = "YES";
            FRAMEWORK_SEARCH_PATHS = (
               "$(inherited)",
               "$(PLATFORM_DIR)/Developer/Library/Frameworks"
            );
            HEADER_SEARCH_PATHS = (
               "$(inherited)",
               "$(SRCROOT)/.build/checkouts/Kitura-net.git-1653805053203674557/Sources/CCurl",
               "$(SRCROOT)/.build/checkouts/Kitura-net.git-1653805053203674557/Sources/CHTTPParser/include"
            );
            INFOPLIST_FILE = "KituraHTTPTest.xcodeproj/KituraHTTPTest_Info.plist";
            LD_RUNPATH_SEARCH_PATHS = (
               "$(inherited)",
               "$(TOOLCHAIN_DIR)/usr/lib/swift/macosx"
            );
            OTHER_CFLAGS = (
               "$(inherited)"
            );
            OTHER_LDFLAGS = (
               "$(inherited)"
            );
            OTHER_SWIFT_FLAGS = (
               "$(inherited)"
            );
            PRODUCT_BUNDLE_IDENTIFIER = "KituraHTTPTest";
            PRODUCT_MODULE_NAME = "$(TARGET_NAME:c99extidentifier)";
            PRODUCT_NAME = "$(TARGET_NAME:c99extidentifier)";
            SKIP_INSTALL = "YES";
            SWIFT_ACTIVE_COMPILATION_CONDITIONS = (
               "$(inherited)"
            );
            SWIFT_VERSION = "4.0";
            TARGET_NAME = "KituraHTTPTest";
         };
         name = "Release";
      };
      "OBJ_117" = {
         isa = "PBXSourcesBuildPhase";
         files = (
            "OBJ_118",
            "OBJ_119"
         );
      };
      "OBJ_118" = {
         isa = "PBXBuildFile";
         fileRef = "OBJ_9";
      };
      "OBJ_119" = {
         isa = "PBXBuildFile";
         fileRef = "OBJ_10";
      };
      "OBJ_12" = {
         isa = "PBXGroup";
         children = (
            "OBJ_13",
            "OBJ_14"
         );
         name = "KituraHTTPTestTests";
         path = "Tests/KituraHTTPTestTests";
         sourceTree = "SOURCE_ROOT";
      };
      "OBJ_120" = {
         isa = "PBXFrameworksBuildPhase";
         files = (
            "OBJ_121",
            "OBJ_122",
            "OBJ_123",
            "OBJ_124",
            "OBJ_125",
            "OBJ_126"
         );
      };
      "OBJ_121" = {
         isa = "PBXBuildFile";
         fileRef = "SwiftyJSON::SwiftyJSON::Product";
      };
      "OBJ_122" = {
         isa = "PBXBuildFile";
         fileRef = "Kitura-net::KituraNet::Product";
      };
      "OBJ_123" = {
         isa = "PBXBuildFile";
         fileRef = "SSLService::SSLService::Product";
      };
      "OBJ_124" = {
         isa = "PBXBuildFile";
         fileRef = "Socket::Socket::Product";
      };
      "OBJ_125" = {
         isa = "PBXBuildFile";
         fileRef = "LoggerAPI::LoggerAPI::Product";
      };
      "OBJ_126" = {
         isa = "PBXBuildFile";
         fileRef = "Kitura-net::CHTTPParser::Product";
      };
      "OBJ_127" = {
         isa = "PBXTargetDependency";
         target = "SwiftyJSON::SwiftyJSON";
      };
      "OBJ_129" = {
         isa = "PBXTargetDependency";
         target = "Kitura-net::KituraNet";
      };
      "OBJ_13" = {
         isa = "PBXFileReference";
         path = "RequestTests.swift";
         sourceTree = "<group>";
      };
      "OBJ_131" = {
         isa = "PBXTargetDependency";
         target = "SSLService::SSLService";
      };
      "OBJ_133" = {
         isa = "PBXTargetDependency";
         target = "Socket::Socket";
      };
      "OBJ_135" = {
         isa = "PBXTargetDependency";
         target = "LoggerAPI::LoggerAPI";
      };
      "OBJ_137" = {
         isa = "PBXTargetDependency";
         target = "Kitura-net::CHTTPParser";
      };
      "OBJ_139" = {
         isa = "XCConfigurationList";
         buildConfigurations = (
            "OBJ_140",
            "OBJ_141"
         );
         defaultConfigurationIsVisible = "0";
         defaultConfigurationName = "Release";
      };
      "OBJ_14" = {
         isa = "PBXFileReference";
         path = "ResponseRecorderTests.swift";
         sourceTree = "<group>";
      };
      "OBJ_140" = {
         isa = "XCBuildConfiguration";
         buildSettings = {
            LD = "/usr/bin/true";
            OTHER_SWIFT_FLAGS = (
               "-swift-version",
               "4",
               "-I",
               "$(TOOLCHAIN_DIR)/usr/lib/swift/pm/4",
               "-target",
               "x86_64-apple-macosx10.10",
               "-sdk",
               "/Applications/Xcode.app/Contents/Developer/Platforms/MacOSX.platform/Developer/SDKs/MacOSX10.14.sdk"
            );
            SWIFT_VERSION = "4.0";
         };
         name = "Debug";
      };
      "OBJ_141" = {
         isa = "XCBuildConfiguration";
         buildSettings = {
            LD = "/usr/bin/true";
            OTHER_SWIFT_FLAGS = (
               "-swift-version",
               "4",
               "-I",
               "$(TOOLCHAIN_DIR)/usr/lib/swift/pm/4",
               "-target",
               "x86_64-apple-macosx10.10",
               "-sdk",
               "/Applications/Xcode.app/Contents/Developer/Platforms/MacOSX.platform/Developer/SDKs/MacOSX10.14.sdk"
            );
            SWIFT_VERSION = "4.0";
         };
         name = "Release";
      };
      "OBJ_142" = {
         isa = "PBXSourcesBuildPhase";
         files = (
            "OBJ_143"
         );
      };
      "OBJ_143" = {
         isa = "PBXBuildFile";
         fileRef = "OBJ_6";
      };
      "OBJ_145" = {
         isa = "XCConfigurationList";
         buildConfigurations = (
            "OBJ_146",
            "OBJ_147"
         );
         defaultConfigurationIsVisible = "0";
         defaultConfigurationName = "Release";
      };
      "OBJ_146" = {
         isa = "XCBuildConfiguration";
         buildSettings = {
         };
         name = "Debug";
      };
      "OBJ_147" = {
         isa = "XCBuildConfiguration";
         buildSettings = {
         };
         name = "Release";
      };
      "OBJ_148" = {
         isa = "PBXTargetDependency";
         target = "KituraHTTPTest::KituraHTTPTestTests";
      };
      "OBJ_15" = {
         isa = "PBXGroup";
         children = (
            "OBJ_16",
            "OBJ_21",
            "OBJ_72",
            "OBJ_76",
            "OBJ_82"
         );
         name = "Dependencies";
         path = "";
         sourceTree = "<group>";
      };
      "OBJ_150" = {
         isa = "XCConfigurationList";
         buildConfigurations = (
            "OBJ_151",
            "OBJ_152"
         );
         defaultConfigurationIsVisible = "0";
         defaultConfigurationName = "Release";
      };
      "OBJ_151" = {
         isa = "XCBuildConfiguration";
         buildSettings = {
            CLANG_ENABLE_MODULES = "YES";
            EMBEDDED_CONTENT_CONTAINS_SWIFT = "YES";
            FRAMEWORK_SEARCH_PATHS = (
               "$(inherited)",
               "$(PLATFORM_DIR)/Developer/Library/Frameworks"
            );
            HEADER_SEARCH_PATHS = (
               "$(inherited)",
               "$(SRCROOT)/.build/checkouts/Kitura-net.git-1653805053203674557/Sources/CCurl",
               "$(SRCROOT)/.build/checkouts/Kitura-net.git-1653805053203674557/Sources/CHTTPParser/include"
            );
            INFOPLIST_FILE = "KituraHTTPTest.xcodeproj/KituraHTTPTestTests_Info.plist";
            LD_RUNPATH_SEARCH_PATHS = (
               "$(inherited)",
               "@loader_path/../Frameworks",
               "@loader_path/Frameworks"
            );
            OTHER_CFLAGS = (
               "$(inherited)"
            );
            OTHER_LDFLAGS = (
               "$(inherited)"
            );
            OTHER_SWIFT_FLAGS = (
               "$(inherited)"
            );
            SWIFT_ACTIVE_COMPILATION_CONDITIONS = (
               "$(inherited)"
            );
            SWIFT_VERSION = "4.0";
            TARGET_NAME = "KituraHTTPTestTests";
         };
         name = "Debug";
      };
      "OBJ_152" = {
         isa = "XCBuildConfiguration";
         buildSettings = {
            CLANG_ENABLE_MODULES = "YES";
            EMBEDDED_CONTENT_CONTAINS_SWIFT = "YES";
            FRAMEWORK_SEARCH_PATHS = (
               "$(inherited)",
               "$(PLATFORM_DIR)/Developer/Library/Frameworks"
            );
            HEADER_SEARCH_PATHS = (
               "$(inherited)",
               "$(SRCROOT)/.build/checkouts/Kitura-net.git-1653805053203674557/Sources/CCurl",
               "$(SRCROOT)/.build/checkouts/Kitura-net.git-1653805053203674557/Sources/CHTTPParser/include"
            );
            INFOPLIST_FILE = "KituraHTTPTest.xcodeproj/KituraHTTPTestTests_Info.plist";
            LD_RUNPATH_SEARCH_PATHS = (
               "$(inherited)",
               "@loader_path/../Frameworks",
               "@loader_path/Frameworks"
            );
            OTHER_CFLAGS = (
               "$(inherited)"
            );
            OTHER_LDFLAGS = (
               "$(inherited)"
            );
            OTHER_SWIFT_FLAGS = (
               "$(inherited)"
            );
            SWIFT_ACTIVE_COMPILATION_CONDITIONS = (
               "$(inherited)"
            );
            SWIFT_VERSION = "4.0";
            TARGET_NAME = "KituraHTTPTestTests";
         };
         name = "Release";
      };
      "OBJ_153" = {
         isa = "PBXSourcesBuildPhase";
         files = (
            "OBJ_154",
            "OBJ_155"
         );
      };
      "OBJ_154" = {
         isa = "PBXBuildFile";
         fileRef = "OBJ_13";
      };
      "OBJ_155" = {
         isa = "PBXBuildFile";
         fileRef = "OBJ_14";
      };
      "OBJ_156" = {
         isa = "PBXFrameworksBuildPhase";
         files = (
            "OBJ_157",
            "OBJ_158",
            "OBJ_159",
            "OBJ_160",
            "OBJ_161",
            "OBJ_162",
            "OBJ_163"
         );
      };
      "OBJ_157" = {
         isa = "PBXBuildFile";
         fileRef = "KituraHTTPTest::KituraHTTPTest::Product";
      };
      "OBJ_158" = {
         isa = "PBXBuildFile";
         fileRef = "SwiftyJSON::SwiftyJSON::Product";
      };
      "OBJ_159" = {
         isa = "PBXBuildFile";
         fileRef = "Kitura-net::KituraNet::Product";
      };
      "OBJ_16" = {
         isa = "PBXGroup";
         children = (
            "OBJ_17",
            "OBJ_20"
         );
         name = "SwiftyJSON 17.0.2";
         path = "";
         sourceTree = "SOURCE_ROOT";
      };
      "OBJ_160" = {
         isa = "PBXBuildFile";
         fileRef = "SSLService::SSLService::Product";
      };
      "OBJ_161" = {
         isa = "PBXBuildFile";
         fileRef = "Socket::Socket::Product";
      };
      "OBJ_162" = {
         isa = "PBXBuildFile";
         fileRef = "LoggerAPI::LoggerAPI::Product";
      };
      "OBJ_163" = {
         isa = "PBXBuildFile";
         fileRef = "Kitura-net::CHTTPParser::Product";
      };
      "OBJ_164" = {
         isa = "PBXTargetDependency";
         target = "KituraHTTPTest::KituraHTTPTest";
      };
      "OBJ_165" = {
         isa = "PBXTargetDependency";
         target = "SwiftyJSON::SwiftyJSON";
      };
      "OBJ_166" = {
         isa = "PBXTargetDependency";
         target = "Kitura-net::KituraNet";
      };
      "OBJ_167" = {
         isa = "PBXTargetDependency";
         target = "SSLService::SSLService";
      };
      "OBJ_168" = {
         isa = "PBXTargetDependency";
         target = "Socket::Socket";
      };
      "OBJ_169" = {
         isa = "PBXTargetDependency";
         target = "LoggerAPI::LoggerAPI";
      };
      "OBJ_17" = {
         isa = "PBXGroup";
         children = (
            "OBJ_18",
            "OBJ_19"
         );
         name = "SwiftyJSON";
         path = ".build/checkouts/SwiftyJSON.git--1806464029257936666/Sources/SwiftyJSON";
         sourceTree = "SOURCE_ROOT";
      };
      "OBJ_170" = {
         isa = "PBXTargetDependency";
         target = "Kitura-net::CHTTPParser";
      };
      "OBJ_171" = {
         isa = "XCConfigurationList";
         buildConfigurations = (
            "OBJ_172",
            "OBJ_173"
         );
         defaultConfigurationIsVisible = "0";
         defaultConfigurationName = "Release";
      };
      "OBJ_172" = {
         isa = "XCBuildConfiguration";
         buildSettings = {
            ENABLE_TESTABILITY = "YES";
            FRAMEWORK_SEARCH_PATHS = (
               "$(inherited)",
               "$(PLATFORM_DIR)/Developer/Library/Frameworks"
            );
            HEADER_SEARCH_PATHS = (
               "$(inherited)",
               "$(SRCROOT)/.build/checkouts/Kitura-net.git-1653805053203674557/Sources/CCurl",
               "$(SRCROOT)/.build/checkouts/Kitura-net.git-1653805053203674557/Sources/CHTTPParser/include"
            );
            INFOPLIST_FILE = "KituraHTTPTest.xcodeproj/KituraNet_Info.plist";
            LD_RUNPATH_SEARCH_PATHS = (
               "$(inherited)",
               "$(TOOLCHAIN_DIR)/usr/lib/swift/macosx"
            );
            OTHER_CFLAGS = (
               "$(inherited)"
            );
            OTHER_LDFLAGS = (
               "$(inherited)"
            );
            OTHER_SWIFT_FLAGS = (
               "$(inherited)"
            );
            PRODUCT_BUNDLE_IDENTIFIER = "KituraNet";
            PRODUCT_MODULE_NAME = "$(TARGET_NAME:c99extidentifier)";
            PRODUCT_NAME = "$(TARGET_NAME:c99extidentifier)";
            SKIP_INSTALL = "YES";
            SWIFT_ACTIVE_COMPILATION_CONDITIONS = (
               "$(inherited)"
            );
            SWIFT_VERSION = "4.2";
            TARGET_NAME = "KituraNet";
         };
         name = "Debug";
      };
      "OBJ_173" = {
         isa = "XCBuildConfiguration";
         buildSettings = {
            ENABLE_TESTABILITY = "YES";
            FRAMEWORK_SEARCH_PATHS = (
               "$(inherited)",
               "$(PLATFORM_DIR)/Developer/Library/Frameworks"
            );
            HEADER_SEARCH_PATHS = (
               "$(inherited)",
               "$(SRCROOT)/.build/checkouts/Kitura-net.git-1653805053203674557/Sources/CCurl",
               "$(SRCROOT)/.build/checkouts/Kitura-net.git-1653805053203674557/Sources/CHTTPParser/include"
            );
            INFOPLIST_FILE = "KituraHTTPTest.xcodeproj/KituraNet_Info.plist";
            LD_RUNPATH_SEARCH_PATHS = (
               "$(inherited)",
               "$(TOOLCHAIN_DIR)/usr/lib/swift/macosx"
            );
            OTHER_CFLAGS = (
               "$(inherited)"
            );
            OTHER_LDFLAGS = (
               "$(inherited)"
            );
            OTHER_SWIFT_FLAGS = (
               "$(inherited)"
            );
            PRODUCT_BUNDLE_IDENTIFIER = "KituraNet";
            PRODUCT_MODULE_NAME = "$(TARGET_NAME:c99extidentifier)";
            PRODUCT_NAME = "$(TARGET_NAME:c99extidentifier)";
            SKIP_INSTALL = "YES";
            SWIFT_ACTIVE_COMPILATION_CONDITIONS = (
               "$(inherited)"
            );
            SWIFT_VERSION = "4.2";
            TARGET_NAME = "KituraNet";
         };
         name = "Release";
      };
      "OBJ_174" = {
         isa = "PBXSourcesBuildPhase";
         files = (
            "OBJ_175",
            "OBJ_176",
            "OBJ_177",
            "OBJ_178",
            "OBJ_179",
            "OBJ_180",
            "OBJ_181",
            "OBJ_182",
            "OBJ_183",
            "OBJ_184",
            "OBJ_185",
            "OBJ_186",
            "OBJ_187",
            "OBJ_188",
            "OBJ_189",
            "OBJ_190",
            "OBJ_191",
            "OBJ_192",
            "OBJ_193",
            "OBJ_194",
            "OBJ_195",
            "OBJ_196",
            "OBJ_197",
            "OBJ_198",
            "OBJ_199",
            "OBJ_200",
            "OBJ_201",
            "OBJ_202",
            "OBJ_203",
            "OBJ_204",
            "OBJ_205",
            "OBJ_206",
            "OBJ_207",
            "OBJ_208",
            "OBJ_209",
            "OBJ_210"
         );
      };
      "OBJ_175" = {
         isa = "PBXBuildFile";
         fileRef = "OBJ_23";
      };
      "OBJ_176" = {
         isa = "PBXBuildFile";
         fileRef = "OBJ_24";
      };
      "OBJ_177" = {
         isa = "PBXBuildFile";
         fileRef = "OBJ_25";
      };
      "OBJ_178" = {
         isa = "PBXBuildFile";
         fileRef = "OBJ_26";
      };
      "OBJ_179" = {
         isa = "PBXBuildFile";
         fileRef = "OBJ_27";
      };
      "OBJ_18" = {
         isa = "PBXFileReference";
         path = "LclJSONSerialization.swift";
         sourceTree = "<group>";
      };
      "OBJ_180" = {
         isa = "PBXBuildFile";
         fileRef = "OBJ_28";
      };
      "OBJ_181" = {
         isa = "PBXBuildFile";
         fileRef = "OBJ_30";
      };
      "OBJ_182" = {
         isa = "PBXBuildFile";
         fileRef = "OBJ_31";
      };
      "OBJ_183" = {
         isa = "PBXBuildFile";
         fileRef = "OBJ_32";
      };
      "OBJ_184" = {
         isa = "PBXBuildFile";
         fileRef = "OBJ_33";
      };
      "OBJ_185" = {
         isa = "PBXBuildFile";
         fileRef = "OBJ_34";
      };
      "OBJ_186" = {
         isa = "PBXBuildFile";
         fileRef = "OBJ_35";
      };
      "OBJ_187" = {
         isa = "PBXBuildFile";
         fileRef = "OBJ_37";
      };
      "OBJ_188" = {
         isa = "PBXBuildFile";
         fileRef = "OBJ_38";
      };
      "OBJ_189" = {
         isa = "PBXBuildFile";
         fileRef = "OBJ_39";
      };
      "OBJ_19" = {
         isa = "PBXFileReference";
         path = "SwiftyJSON.swift";
         sourceTree = "<group>";
      };
      "OBJ_190" = {
         isa = "PBXBuildFile";
         fileRef = "OBJ_40";
      };
      "OBJ_191" = {
         isa = "PBXBuildFile";
         fileRef = "OBJ_41";
      };
      "OBJ_192" = {
         isa = "PBXBuildFile";
         fileRef = "OBJ_42";
      };
      "OBJ_193" = {
         isa = "PBXBuildFile";
         fileRef = "OBJ_44";
      };
      "OBJ_194" = {
         isa = "PBXBuildFile";
         fileRef = "OBJ_45";
      };
      "OBJ_195" = {
         isa = "PBXBuildFile";
         fileRef = "OBJ_46";
      };
      "OBJ_196" = {
         isa = "PBXBuildFile";
         fileRef = "OBJ_47";
      };
      "OBJ_197" = {
         isa = "PBXBuildFile";
         fileRef = "OBJ_48";
      };
      "OBJ_198" = {
         isa = "PBXBuildFile";
         fileRef = "OBJ_49";
      };
      "OBJ_199" = {
         isa = "PBXBuildFile";
         fileRef = "OBJ_50";
      };
      "OBJ_2" = {
         isa = "XCConfigurationList";
         buildConfigurations = (
            "OBJ_3",
            "OBJ_4"
         );
         defaultConfigurationIsVisible = "0";
         defaultConfigurationName = "Release";
      };
      "OBJ_20" = {
         isa = "PBXFileReference";
         explicitFileType = "sourcecode.swift";
         name = "Package.swift";
         path = "/Users/oliverdew/Dev/kitura-http-test/.build/checkouts/SwiftyJSON.git--1806464029257936666/Package.swift";
         sourceTree = "<group>";
      };
      "OBJ_200" = {
         isa = "PBXBuildFile";
         fileRef = "OBJ_51";
      };
      "OBJ_201" = {
         isa = "PBXBuildFile";
         fileRef = "OBJ_52";
      };
      "OBJ_202" = {
         isa = "PBXBuildFile";
         fileRef = "OBJ_53";
      };
      "OBJ_203" = {
         isa = "PBXBuildFile";
         fileRef = "OBJ_54";
      };
      "OBJ_204" = {
         isa = "PBXBuildFile";
         fileRef = "OBJ_56";
      };
      "OBJ_205" = {
         isa = "PBXBuildFile";
         fileRef = "OBJ_57";
      };
      "OBJ_206" = {
         isa = "PBXBuildFile";
         fileRef = "OBJ_58";
      };
      "OBJ_207" = {
         isa = "PBXBuildFile";
         fileRef = "OBJ_59";
      };
      "OBJ_208" = {
         isa = "PBXBuildFile";
         fileRef = "OBJ_60";
      };
      "OBJ_209" = {
         isa = "PBXBuildFile";
         fileRef = "OBJ_61";
      };
      "OBJ_21" = {
         isa = "PBXGroup";
         children = (
            "OBJ_22",
            "OBJ_63",
            "OBJ_64",
            "OBJ_71"
         );
         name = "Kitura-net 2.1.2";
         path = "";
         sourceTree = "SOURCE_ROOT";
      };
      "OBJ_210" = {
         isa = "PBXBuildFile";
         fileRef = "OBJ_62";
      };
      "OBJ_211" = {
         isa = "PBXFrameworksBuildPhase";
         files = (
            "OBJ_212",
            "OBJ_213",
            "OBJ_214",
            "OBJ_215"
         );
      };
      "OBJ_212" = {
         isa = "PBXBuildFile";
         fileRef = "SSLService::SSLService::Product";
      };
      "OBJ_213" = {
         isa = "PBXBuildFile";
         fileRef = "Socket::Socket::Product";
      };
      "OBJ_214" = {
         isa = "PBXBuildFile";
         fileRef = "LoggerAPI::LoggerAPI::Product";
      };
      "OBJ_215" = {
         isa = "PBXBuildFile";
         fileRef = "Kitura-net::CHTTPParser::Product";
      };
      "OBJ_216" = {
         isa = "PBXTargetDependency";
         target = "SSLService::SSLService";
      };
      "OBJ_217" = {
         isa = "PBXTargetDependency";
         target = "Socket::Socket";
      };
      "OBJ_218" = {
         isa = "PBXTargetDependency";
         target = "LoggerAPI::LoggerAPI";
      };
      "OBJ_219" = {
         isa = "PBXTargetDependency";
         target = "Kitura-net::CHTTPParser";
      };
      "OBJ_22" = {
         isa = "PBXGroup";
         children = (
            "OBJ_23",
            "OBJ_24",
            "OBJ_25",
            "OBJ_26",
            "OBJ_27",
            "OBJ_28",
            "OBJ_29",
            "OBJ_36",
            "OBJ_43",
            "OBJ_48",
            "OBJ_49",
            "OBJ_50",
            "OBJ_51",
            "OBJ_52",
            "OBJ_53",
            "OBJ_54",
            "OBJ_55",
            "OBJ_61",
            "OBJ_62"
         );
         name = "KituraNet";
         path = ".build/checkouts/Kitura-net.git-1653805053203674557/Sources/KituraNet";
         sourceTree = "SOURCE_ROOT";
      };
      "OBJ_220" = {
         isa = "XCConfigurationList";
         buildConfigurations = (
            "OBJ_221",
            "OBJ_222"
         );
         defaultConfigurationIsVisible = "0";
         defaultConfigurationName = "Release";
      };
      "OBJ_221" = {
         isa = "XCBuildConfiguration";
         buildSettings = {
            ENABLE_TESTABILITY = "YES";
            FRAMEWORK_SEARCH_PATHS = (
               "$(inherited)",
               "$(PLATFORM_DIR)/Developer/Library/Frameworks"
            );
            HEADER_SEARCH_PATHS = (
               "$(inherited)"
            );
            INFOPLIST_FILE = "KituraHTTPTest.xcodeproj/LoggerAPI_Info.plist";
            LD_RUNPATH_SEARCH_PATHS = (
               "$(inherited)",
               "$(TOOLCHAIN_DIR)/usr/lib/swift/macosx"
            );
            OTHER_CFLAGS = (
               "$(inherited)"
            );
            OTHER_LDFLAGS = (
               "$(inherited)"
            );
            OTHER_SWIFT_FLAGS = (
               "$(inherited)"
            );
            PRODUCT_BUNDLE_IDENTIFIER = "LoggerAPI";
            PRODUCT_MODULE_NAME = "$(TARGET_NAME:c99extidentifier)";
            PRODUCT_NAME = "$(TARGET_NAME:c99extidentifier)";
            SKIP_INSTALL = "YES";
            SWIFT_ACTIVE_COMPILATION_CONDITIONS = (
               "$(inherited)"
            );
            SWIFT_VERSION = "4.0";
            TARGET_NAME = "LoggerAPI";
         };
         name = "Debug";
      };
      "OBJ_222" = {
         isa = "XCBuildConfiguration";
         buildSettings = {
            ENABLE_TESTABILITY = "YES";
            FRAMEWORK_SEARCH_PATHS = (
               "$(inherited)",
               "$(PLATFORM_DIR)/Developer/Library/Frameworks"
            );
            HEADER_SEARCH_PATHS = (
               "$(inherited)"
            );
            INFOPLIST_FILE = "KituraHTTPTest.xcodeproj/LoggerAPI_Info.plist";
            LD_RUNPATH_SEARCH_PATHS = (
               "$(inherited)",
               "$(TOOLCHAIN_DIR)/usr/lib/swift/macosx"
            );
            OTHER_CFLAGS = (
               "$(inherited)"
            );
            OTHER_LDFLAGS = (
               "$(inherited)"
            );
            OTHER_SWIFT_FLAGS = (
               "$(inherited)"
            );
            PRODUCT_BUNDLE_IDENTIFIER = "LoggerAPI";
            PRODUCT_MODULE_NAME = "$(TARGET_NAME:c99extidentifier)";
            PRODUCT_NAME = "$(TARGET_NAME:c99extidentifier)";
            SKIP_INSTALL = "YES";
            SWIFT_ACTIVE_COMPILATION_CONDITIONS = (
               "$(inherited)"
            );
            SWIFT_VERSION = "4.0";
            TARGET_NAME = "LoggerAPI";
         };
         name = "Release";
      };
      "OBJ_223" = {
         isa = "PBXSourcesBuildPhase";
         files = (
            "OBJ_224"
         );
      };
      "OBJ_224" = {
         isa = "PBXBuildFile";
         fileRef = "OBJ_84";
      };
      "OBJ_225" = {
         isa = "PBXFrameworksBuildPhase";
         files = (
         );
      };
      "OBJ_227" = {
         isa = "XCConfigurationList";
         buildConfigurations = (
            "OBJ_228",
            "OBJ_229"
         );
         defaultConfigurationIsVisible = "0";
         defaultConfigurationName = "Release";
      };
      "OBJ_228" = {
         isa = "XCBuildConfiguration";
         buildSettings = {
            LD = "/usr/bin/true";
            OTHER_SWIFT_FLAGS = (
               "-swift-version",
               "4",
               "-I",
               "$(TOOLCHAIN_DIR)/usr/lib/swift/pm/4",
               "-target",
               "x86_64-apple-macosx10.10",
               "-sdk",
               "/Applications/Xcode.app/Contents/Developer/Platforms/MacOSX.platform/Developer/SDKs/MacOSX10.14.sdk"
            );
            SWIFT_VERSION = "4.0";
         };
         name = "Debug";
      };
      "OBJ_229" = {
         isa = "XCBuildConfiguration";
         buildSettings = {
            LD = "/usr/bin/true";
            OTHER_SWIFT_FLAGS = (
               "-swift-version",
               "4",
               "-I",
               "$(TOOLCHAIN_DIR)/usr/lib/swift/pm/4",
               "-target",
               "x86_64-apple-macosx10.10",
               "-sdk",
               "/Applications/Xcode.app/Contents/Developer/Platforms/MacOSX.platform/Developer/SDKs/MacOSX10.14.sdk"
            );
            SWIFT_VERSION = "4.0";
         };
         name = "Release";
      };
      "OBJ_23" = {
         isa = "PBXFileReference";
         path = "BufferList.swift";
         sourceTree = "<group>";
      };
      "OBJ_230" = {
         isa = "PBXSourcesBuildPhase";
         files = (
            "OBJ_231"
         );
      };
      "OBJ_231" = {
         isa = "PBXBuildFile";
         fileRef = "OBJ_85";
      };
      "OBJ_232" = {
         isa = "XCConfigurationList";
         buildConfigurations = (
            "OBJ_233",
            "OBJ_234"
         );
         defaultConfigurationIsVisible = "0";
         defaultConfigurationName = "Release";
      };
      "OBJ_233" = {
         isa = "XCBuildConfiguration";
         buildSettings = {
            ENABLE_TESTABILITY = "YES";
            FRAMEWORK_SEARCH_PATHS = (
               "$(inherited)",
               "$(PLATFORM_DIR)/Developer/Library/Frameworks"
            );
            HEADER_SEARCH_PATHS = (
               "$(inherited)"
            );
            INFOPLIST_FILE = "KituraHTTPTest.xcodeproj/SSLService_Info.plist";
            LD_RUNPATH_SEARCH_PATHS = (
               "$(inherited)",
               "$(TOOLCHAIN_DIR)/usr/lib/swift/macosx"
            );
            OTHER_CFLAGS = (
               "$(inherited)"
            );
            OTHER_LDFLAGS = (
               "$(inherited)"
            );
            OTHER_SWIFT_FLAGS = (
               "$(inherited)"
            );
            PRODUCT_BUNDLE_IDENTIFIER = "SSLService";
            PRODUCT_MODULE_NAME = "$(TARGET_NAME:c99extidentifier)";
            PRODUCT_NAME = "$(TARGET_NAME:c99extidentifier)";
            SKIP_INSTALL = "YES";
            SWIFT_ACTIVE_COMPILATION_CONDITIONS = (
               "$(inherited)"
            );
            SWIFT_VERSION = "4.2";
            TARGET_NAME = "SSLService";
         };
         name = "Debug";
      };
      "OBJ_234" = {
         isa = "XCBuildConfiguration";
         buildSettings = {
            ENABLE_TESTABILITY = "YES";
            FRAMEWORK_SEARCH_PATHS = (
               "$(inherited)",
               "$(PLATFORM_DIR)/Developer/Library/Frameworks"
            );
            HEADER_SEARCH_PATHS = (
               "$(inherited)"
            );
            INFOPLIST_FILE = "KituraHTTPTest.xcodeproj/SSLService_Info.plist";
            LD_RUNPATH_SEARCH_PATHS = (
               "$(inherited)",
               "$(TOOLCHAIN_DIR)/usr/lib/swift/macosx"
            );
            OTHER_CFLAGS = (
               "$(inherited)"
            );
            OTHER_LDFLAGS = (
               "$(inherited)"
            );
            OTHER_SWIFT_FLAGS = (
               "$(inherited)"
            );
            PRODUCT_BUNDLE_IDENTIFIER = "SSLService";
            PRODUCT_MODULE_NAME = "$(TARGET_NAME:c99extidentifier)";
            PRODUCT_NAME = "$(TARGET_NAME:c99extidentifier)";
            SKIP_INSTALL = "YES";
            SWIFT_ACTIVE_COMPILATION_CONDITIONS = (
               "$(inherited)"
            );
            SWIFT_VERSION = "4.2";
            TARGET_NAME = "SSLService";
         };
         name = "Release";
      };
      "OBJ_235" = {
         isa = "PBXSourcesBuildPhase";
         files = (
            "OBJ_236"
         );
      };
      "OBJ_236" = {
         isa = "PBXBuildFile";
         fileRef = "OBJ_74";
      };
      "OBJ_237" = {
         isa = "PBXFrameworksBuildPhase";
         files = (
            "OBJ_238"
         );
      };
      "OBJ_238" = {
         isa = "PBXBuildFile";
         fileRef = "Socket::Socket::Product";
      };
      "OBJ_239" = {
         isa = "PBXTargetDependency";
         target = "Socket::Socket";
      };
      "OBJ_24" = {
         isa = "PBXFileReference";
         path = "ClientRequest.swift";
         sourceTree = "<group>";
      };
      "OBJ_241" = {
         isa = "XCConfigurationList";
         buildConfigurations = (
            "OBJ_242",
            "OBJ_243"
         );
         defaultConfigurationIsVisible = "0";
         defaultConfigurationName = "Release";
      };
      "OBJ_242" = {
         isa = "XCBuildConfiguration";
         buildSettings = {
            LD = "/usr/bin/true";
            OTHER_SWIFT_FLAGS = (
               "-swift-version",
               "4.2",
               "-I",
               "$(TOOLCHAIN_DIR)/usr/lib/swift/pm/4_2",
               "-target",
               "x86_64-apple-macosx10.10",
               "-sdk",
               "/Applications/Xcode.app/Contents/Developer/Platforms/MacOSX.platform/Developer/SDKs/MacOSX10.14.sdk"
            );
            SWIFT_VERSION = "4.2";
         };
         name = "Debug";
      };
      "OBJ_243" = {
         isa = "XCBuildConfiguration";
         buildSettings = {
            LD = "/usr/bin/true";
            OTHER_SWIFT_FLAGS = (
               "-swift-version",
               "4.2",
               "-I",
               "$(TOOLCHAIN_DIR)/usr/lib/swift/pm/4_2",
               "-target",
               "x86_64-apple-macosx10.10",
               "-sdk",
               "/Applications/Xcode.app/Contents/Developer/Platforms/MacOSX.platform/Developer/SDKs/MacOSX10.14.sdk"
            );
            SWIFT_VERSION = "4.2";
         };
         name = "Release";
      };
      "OBJ_244" = {
         isa = "PBXSourcesBuildPhase";
         files = (
            "OBJ_245"
         );
      };
      "OBJ_245" = {
         isa = "PBXBuildFile";
         fileRef = "OBJ_75";
      };
      "OBJ_246" = {
         isa = "XCConfigurationList";
         buildConfigurations = (
            "OBJ_247",
            "OBJ_248"
         );
         defaultConfigurationIsVisible = "0";
         defaultConfigurationName = "Release";
      };
      "OBJ_247" = {
         isa = "XCBuildConfiguration";
         buildSettings = {
            ENABLE_TESTABILITY = "YES";
            FRAMEWORK_SEARCH_PATHS = (
               "$(inherited)",
               "$(PLATFORM_DIR)/Developer/Library/Frameworks"
            );
            HEADER_SEARCH_PATHS = (
               "$(inherited)"
            );
            INFOPLIST_FILE = "KituraHTTPTest.xcodeproj/Socket_Info.plist";
            LD_RUNPATH_SEARCH_PATHS = (
               "$(inherited)",
               "$(TOOLCHAIN_DIR)/usr/lib/swift/macosx"
            );
            OTHER_CFLAGS = (
               "$(inherited)"
            );
            OTHER_LDFLAGS = (
               "$(inherited)"
            );
            OTHER_SWIFT_FLAGS = (
               "$(inherited)"
            );
            PRODUCT_BUNDLE_IDENTIFIER = "Socket";
            PRODUCT_MODULE_NAME = "$(TARGET_NAME:c99extidentifier)";
            PRODUCT_NAME = "$(TARGET_NAME:c99extidentifier)";
            SKIP_INSTALL = "YES";
            SWIFT_ACTIVE_COMPILATION_CONDITIONS = (
               "$(inherited)"
            );
            SWIFT_VERSION = "4.0";
            TARGET_NAME = "Socket";
         };
         name = "Debug";
      };
      "OBJ_248" = {
         isa = "XCBuildConfiguration";
         buildSettings = {
            ENABLE_TESTABILITY = "YES";
            FRAMEWORK_SEARCH_PATHS = (
               "$(inherited)",
               "$(PLATFORM_DIR)/Developer/Library/Frameworks"
            );
            HEADER_SEARCH_PATHS = (
               "$(inherited)"
            );
            INFOPLIST_FILE = "KituraHTTPTest.xcodeproj/Socket_Info.plist";
            LD_RUNPATH_SEARCH_PATHS = (
               "$(inherited)",
               "$(TOOLCHAIN_DIR)/usr/lib/swift/macosx"
            );
            OTHER_CFLAGS = (
               "$(inherited)"
            );
            OTHER_LDFLAGS = (
               "$(inherited)"
            );
            OTHER_SWIFT_FLAGS = (
               "$(inherited)"
            );
            PRODUCT_BUNDLE_IDENTIFIER = "Socket";
            PRODUCT_MODULE_NAME = "$(TARGET_NAME:c99extidentifier)";
            PRODUCT_NAME = "$(TARGET_NAME:c99extidentifier)";
            SKIP_INSTALL = "YES";
            SWIFT_ACTIVE_COMPILATION_CONDITIONS = (
               "$(inherited)"
            );
            SWIFT_VERSION = "4.0";
            TARGET_NAME = "Socket";
         };
         name = "Release";
      };
      "OBJ_249" = {
         isa = "PBXSourcesBuildPhase";
         files = (
            "OBJ_250",
            "OBJ_251",
            "OBJ_252"
         );
      };
      "OBJ_25" = {
         isa = "PBXFileReference";
         path = "ClientResponse.swift";
         sourceTree = "<group>";
      };
      "OBJ_250" = {
         isa = "PBXBuildFile";
         fileRef = "OBJ_78";
      };
      "OBJ_251" = {
         isa = "PBXBuildFile";
         fileRef = "OBJ_79";
      };
      "OBJ_252" = {
         isa = "PBXBuildFile";
         fileRef = "OBJ_80";
      };
      "OBJ_253" = {
         isa = "PBXFrameworksBuildPhase";
         files = (
         );
      };
      "OBJ_255" = {
         isa = "XCConfigurationList";
         buildConfigurations = (
            "OBJ_256",
            "OBJ_257"
         );
         defaultConfigurationIsVisible = "0";
         defaultConfigurationName = "Release";
      };
      "OBJ_256" = {
         isa = "XCBuildConfiguration";
         buildSettings = {
            LD = "/usr/bin/true";
            OTHER_SWIFT_FLAGS = (
               "-swift-version",
               "4",
               "-I",
               "$(TOOLCHAIN_DIR)/usr/lib/swift/pm/4",
               "-target",
               "x86_64-apple-macosx10.10",
               "-sdk",
               "/Applications/Xcode.app/Contents/Developer/Platforms/MacOSX.platform/Developer/SDKs/MacOSX10.14.sdk"
            );
            SWIFT_VERSION = "4.0";
         };
         name = "Debug";
      };
      "OBJ_257" = {
         isa = "XCBuildConfiguration";
         buildSettings = {
            LD = "/usr/bin/true";
            OTHER_SWIFT_FLAGS = (
               "-swift-version",
               "4",
               "-I",
               "$(TOOLCHAIN_DIR)/usr/lib/swift/pm/4",
               "-target",
               "x86_64-apple-macosx10.10",
               "-sdk",
               "/Applications/Xcode.app/Contents/Developer/Platforms/MacOSX.platform/Developer/SDKs/MacOSX10.14.sdk"
            );
            SWIFT_VERSION = "4.0";
         };
         name = "Release";
      };
      "OBJ_258" = {
         isa = "PBXSourcesBuildPhase";
         files = (
            "OBJ_259"
         );
      };
      "OBJ_259" = {
         isa = "PBXBuildFile";
         fileRef = "OBJ_81";
      };
      "OBJ_26" = {
         isa = "PBXFileReference";
         path = "ConnectionUpgradeFactory.swift";
         sourceTree = "<group>";
      };
      "OBJ_260" = {
         isa = "XCConfigurationList";
         buildConfigurations = (
            "OBJ_261",
            "OBJ_262"
         );
         defaultConfigurationIsVisible = "0";
         defaultConfigurationName = "Release";
      };
      "OBJ_261" = {
         isa = "XCBuildConfiguration";
         buildSettings = {
            ENABLE_TESTABILITY = "YES";
            FRAMEWORK_SEARCH_PATHS = (
               "$(inherited)",
               "$(PLATFORM_DIR)/Developer/Library/Frameworks"
            );
            HEADER_SEARCH_PATHS = (
               "$(inherited)"
            );
            INFOPLIST_FILE = "KituraHTTPTest.xcodeproj/SwiftyJSON_Info.plist";
            LD_RUNPATH_SEARCH_PATHS = (
               "$(inherited)",
               "$(TOOLCHAIN_DIR)/usr/lib/swift/macosx"
            );
            OTHER_CFLAGS = (
               "$(inherited)"
            );
            OTHER_LDFLAGS = (
               "$(inherited)"
            );
            OTHER_SWIFT_FLAGS = (
               "$(inherited)"
            );
            PRODUCT_BUNDLE_IDENTIFIER = "SwiftyJSON";
            PRODUCT_MODULE_NAME = "$(TARGET_NAME:c99extidentifier)";
            PRODUCT_NAME = "$(TARGET_NAME:c99extidentifier)";
            SKIP_INSTALL = "YES";
            SWIFT_ACTIVE_COMPILATION_CONDITIONS = (
               "$(inherited)"
            );
            SWIFT_VERSION = "4.0";
            TARGET_NAME = "SwiftyJSON";
         };
         name = "Debug";
      };
      "OBJ_262" = {
         isa = "XCBuildConfiguration";
         buildSettings = {
            ENABLE_TESTABILITY = "YES";
            FRAMEWORK_SEARCH_PATHS = (
               "$(inherited)",
               "$(PLATFORM_DIR)/Developer/Library/Frameworks"
            );
            HEADER_SEARCH_PATHS = (
               "$(inherited)"
            );
            INFOPLIST_FILE = "KituraHTTPTest.xcodeproj/SwiftyJSON_Info.plist";
            LD_RUNPATH_SEARCH_PATHS = (
               "$(inherited)",
               "$(TOOLCHAIN_DIR)/usr/lib/swift/macosx"
            );
            OTHER_CFLAGS = (
               "$(inherited)"
            );
            OTHER_LDFLAGS = (
               "$(inherited)"
            );
            OTHER_SWIFT_FLAGS = (
               "$(inherited)"
            );
            PRODUCT_BUNDLE_IDENTIFIER = "SwiftyJSON";
            PRODUCT_MODULE_NAME = "$(TARGET_NAME:c99extidentifier)";
            PRODUCT_NAME = "$(TARGET_NAME:c99extidentifier)";
            SKIP_INSTALL = "YES";
            SWIFT_ACTIVE_COMPILATION_CONDITIONS = (
               "$(inherited)"
            );
            SWIFT_VERSION = "4.0";
            TARGET_NAME = "SwiftyJSON";
         };
         name = "Release";
      };
      "OBJ_263" = {
         isa = "PBXSourcesBuildPhase";
         files = (
            "OBJ_264",
            "OBJ_265"
         );
      };
      "OBJ_264" = {
         isa = "PBXBuildFile";
         fileRef = "OBJ_18";
      };
      "OBJ_265" = {
         isa = "PBXBuildFile";
         fileRef = "OBJ_19";
      };
      "OBJ_266" = {
         isa = "PBXFrameworksBuildPhase";
         files = (
         );
      };
      "OBJ_268" = {
         isa = "XCConfigurationList";
         buildConfigurations = (
            "OBJ_269",
            "OBJ_270"
         );
         defaultConfigurationIsVisible = "0";
         defaultConfigurationName = "Release";
      };
      "OBJ_269" = {
         isa = "XCBuildConfiguration";
         buildSettings = {
            LD = "/usr/bin/true";
            OTHER_SWIFT_FLAGS = (
               "-swift-version",
               "4",
               "-I",
               "$(TOOLCHAIN_DIR)/usr/lib/swift/pm/4",
               "-target",
               "x86_64-apple-macosx10.10",
               "-sdk",
               "/Applications/Xcode.app/Contents/Developer/Platforms/MacOSX.platform/Developer/SDKs/MacOSX10.14.sdk"
            );
            SWIFT_VERSION = "4.0";
         };
         name = "Debug";
      };
      "OBJ_27" = {
         isa = "PBXFileReference";
         path = "ConnectionUpgrader.swift";
         sourceTree = "<group>";
      };
      "OBJ_270" = {
         isa = "XCBuildConfiguration";
         buildSettings = {
            LD = "/usr/bin/true";
            OTHER_SWIFT_FLAGS = (
               "-swift-version",
               "4",
               "-I",
               "$(TOOLCHAIN_DIR)/usr/lib/swift/pm/4",
               "-target",
               "x86_64-apple-macosx10.10",
               "-sdk",
               "/Applications/Xcode.app/Contents/Developer/Platforms/MacOSX.platform/Developer/SDKs/MacOSX10.14.sdk"
            );
            SWIFT_VERSION = "4.0";
         };
         name = "Release";
      };
      "OBJ_271" = {
         isa = "PBXSourcesBuildPhase";
         files = (
            "OBJ_272"
         );
      };
      "OBJ_272" = {
         isa = "PBXBuildFile";
         fileRef = "OBJ_20";
      };
      "OBJ_28" = {
         isa = "PBXFileReference";
         path = "Error.swift";
         sourceTree = "<group>";
      };
      "OBJ_29" = {
         isa = "PBXGroup";
         children = (
            "OBJ_30",
            "OBJ_31",
            "OBJ_32",
            "OBJ_33",
            "OBJ_34",
            "OBJ_35"
         );
         name = "FastCGI";
         path = "FastCGI";
         sourceTree = "<group>";
      };
      "OBJ_3" = {
         isa = "XCBuildConfiguration";
         buildSettings = {
            CLANG_ENABLE_OBJC_ARC = "YES";
            COMBINE_HIDPI_IMAGES = "YES";
            COPY_PHASE_STRIP = "NO";
            DEBUG_INFORMATION_FORMAT = "dwarf";
            DYLIB_INSTALL_NAME_BASE = "@rpath";
            ENABLE_NS_ASSERTIONS = "YES";
            GCC_OPTIMIZATION_LEVEL = "0";
            GCC_PREPROCESSOR_DEFINITIONS = (
               "DEBUG=1",
               "$(inherited)"
            );
            MACOSX_DEPLOYMENT_TARGET = "10.10";
            ONLY_ACTIVE_ARCH = "YES";
            OTHER_SWIFT_FLAGS = (
               "-DXcode"
            );
            PRODUCT_NAME = "$(TARGET_NAME)";
            SDKROOT = "macosx";
            SUPPORTED_PLATFORMS = (
               "macosx",
               "iphoneos",
               "iphonesimulator",
               "appletvos",
               "appletvsimulator",
               "watchos",
               "watchsimulator"
            );
            SWIFT_ACTIVE_COMPILATION_CONDITIONS = (
               "SWIFT_PACKAGE",
               "DEBUG"
            );
            SWIFT_OPTIMIZATION_LEVEL = "-Onone";
            USE_HEADERMAP = "NO";
         };
         name = "Debug";
      };
      "OBJ_30" = {
         isa = "PBXFileReference";
         path = "FastCGI.swift";
         sourceTree = "<group>";
      };
      "OBJ_31" = {
         isa = "PBXFileReference";
         path = "FastCGIRecordCreate.swift";
         sourceTree = "<group>";
      };
      "OBJ_32" = {
         isa = "PBXFileReference";
         path = "FastCGIRecordParser.swift";
         sourceTree = "<group>";
      };
      "OBJ_33" = {
         isa = "PBXFileReference";
         path = "FastCGIServer.swift";
         sourceTree = "<group>";
      };
      "OBJ_34" = {
         isa = "PBXFileReference";
         path = "FastCGIServerRequest.swift";
         sourceTree = "<group>";
      };
      "OBJ_35" = {
         isa = "PBXFileReference";
         path = "FastCGIServerResponse.swift";
         sourceTree = "<group>";
      };
      "OBJ_36" = {
         isa = "PBXGroup";
         children = (
            "OBJ_37",
            "OBJ_38",
            "OBJ_39",
            "OBJ_40",
            "OBJ_41",
            "OBJ_42"
         );
         name = "HTTP";
         path = "HTTP";
         sourceTree = "<group>";
      };
      "OBJ_37" = {
         isa = "PBXFileReference";
         path = "HTTP.swift";
         sourceTree = "<group>";
      };
      "OBJ_38" = {
         isa = "PBXFileReference";
         path = "HTTPServer.swift";
         sourceTree = "<group>";
      };
      "OBJ_39" = {
         isa = "PBXFileReference";
         path = "HTTPServerRequest.swift";
         sourceTree = "<group>";
      };
      "OBJ_4" = {
         isa = "XCBuildConfiguration";
         buildSettings = {
            CLANG_ENABLE_OBJC_ARC = "YES";
            COMBINE_HIDPI_IMAGES = "YES";
            COPY_PHASE_STRIP = "YES";
            DEBUG_INFORMATION_FORMAT = "dwarf-with-dsym";
            DYLIB_INSTALL_NAME_BASE = "@rpath";
            GCC_OPTIMIZATION_LEVEL = "s";
            MACOSX_DEPLOYMENT_TARGET = "10.10";
            OTHER_SWIFT_FLAGS = (
               "-DXcode"
            );
            PRODUCT_NAME = "$(TARGET_NAME)";
            SDKROOT = "macosx";
            SUPPORTED_PLATFORMS = (
               "macosx",
               "iphoneos",
               "iphonesimulator",
               "appletvos",
               "appletvsimulator",
               "watchos",
               "watchsimulator"
            );
            SWIFT_ACTIVE_COMPILATION_CONDITIONS = (
               "SWIFT_PACKAGE"
            );
            SWIFT_OPTIMIZATION_LEVEL = "-Owholemodule";
            USE_HEADERMAP = "NO";
         };
         name = "Release";
      };
      "OBJ_40" = {
         isa = "PBXFileReference";
         path = "HTTPServerResponse.swift";
         sourceTree = "<group>";
      };
      "OBJ_41" = {
         isa = "PBXFileReference";
         path = "IncomingHTTPSocketProcessor.swift";
         sourceTree = "<group>";
      };
      "OBJ_42" = {
         isa = "PBXFileReference";
         path = "KeepAliveState.swift";
         sourceTree = "<group>";
      };
      "OBJ_43" = {
         isa = "PBXGroup";
         children = (
            "OBJ_44",
            "OBJ_45",
            "OBJ_46",
            "OBJ_47"
         );
         name = "HTTPParser";
         path = "HTTPParser";
         sourceTree = "<group>";
      };
      "OBJ_44" = {
         isa = "PBXFileReference";
         path = "HTTPParser.swift";
         sourceTree = "<group>";
      };
      "OBJ_45" = {
         isa = "PBXFileReference";
         path = "HTTPParserStatus.swift";
         sourceTree = "<group>";
      };
      "OBJ_46" = {
         isa = "PBXFileReference";
         path = "ParseResults.swift";
         sourceTree = "<group>";
      };
      "OBJ_47" = {
         isa = "PBXFileReference";
         path = "URLParser.swift";
         sourceTree = "<group>";
      };
      "OBJ_48" = {
         isa = "PBXFileReference";
         path = "HeadersContainer.swift";
         sourceTree = "<group>";
      };
      "OBJ_49" = {
         isa = "PBXFileReference";
         path = "IncomingSocketHandler.swift";
         sourceTree = "<group>";
      };
      "OBJ_5" = {
         isa = "PBXGroup";
         children = (
            "OBJ_6",
            "OBJ_7",
            "OBJ_11",
            "OBJ_15",
            "OBJ_86"
         );
         path = "";
         sourceTree = "<group>";
      };
      "OBJ_50" = {
         isa = "PBXFileReference";
         path = "IncomingSocketManager.swift";
         sourceTree = "<group>";
      };
      "OBJ_51" = {
         isa = "PBXFileReference";
         path = "IncomingSocketProcessor.swift";
         sourceTree = "<group>";
      };
      "OBJ_52" = {
         isa = "PBXFileReference";
         path = "IncomingSocketProcessorCreator.swift";
         sourceTree = "<group>";
      };
      "OBJ_53" = {
         isa = "PBXFileReference";
         path = "ListenerGroup.swift";
         sourceTree = "<group>";
      };
      "OBJ_54" = {
         isa = "PBXFileReference";
         path = "SPIUtils.swift";
         sourceTree = "<group>";
      };
      "OBJ_55" = {
         isa = "PBXGroup";
         children = (
            "OBJ_56",
            "OBJ_57",
            "OBJ_58",
            "OBJ_59",
            "OBJ_60"
         );
         name = "Server";
         path = "Server";
         sourceTree = "<group>";
      };
      "OBJ_56" = {
         isa = "PBXFileReference";
         path = "Server.swift";
         sourceTree = "<group>";
      };
      "OBJ_57" = {
         isa = "PBXFileReference";
         path = "ServerDelegate.swift";
         sourceTree = "<group>";
      };
      "OBJ_58" = {
         isa = "PBXFileReference";
         path = "ServerLifecycleListener.swift";
         sourceTree = "<group>";
      };
      "OBJ_59" = {
         isa = "PBXFileReference";
         path = "ServerMonitor.swift";
         sourceTree = "<group>";
      };
      "OBJ_6" = {
         isa = "PBXFileReference";
         explicitFileType = "sourcecode.swift";
         path = "Package.swift";
         sourceTree = "<group>";
      };
      "OBJ_60" = {
         isa = "PBXFileReference";
         path = "ServerState.swift";
         sourceTree = "<group>";
      };
      "OBJ_61" = {
         isa = "PBXFileReference";
         path = "ServerRequest.swift";
         sourceTree = "<group>";
      };
      "OBJ_62" = {
         isa = "PBXFileReference";
         path = "ServerResponse.swift";
         sourceTree = "<group>";
      };
      "OBJ_63" = {
         isa = "PBXGroup";
         children = (
         );
         name = "CCurl";
         path = ".build/checkouts/Kitura-net.git-1653805053203674557/Sources/CCurl";
         sourceTree = "SOURCE_ROOT";
      };
      "OBJ_64" = {
         isa = "PBXGroup";
         children = (
            "OBJ_65",
            "OBJ_66",
            "OBJ_67"
         );
         name = "CHTTPParser";
         path = ".build/checkouts/Kitura-net.git-1653805053203674557/Sources/CHTTPParser";
         sourceTree = "SOURCE_ROOT";
      };
      "OBJ_65" = {
         isa = "PBXFileReference";
         path = "http_parser.c";
         sourceTree = "<group>";
      };
      "OBJ_66" = {
         isa = "PBXFileReference";
         path = "utils.c";
         sourceTree = "<group>";
      };
      "OBJ_67" = {
         isa = "PBXGroup";
         children = (
            "OBJ_68",
            "OBJ_69",
            "OBJ_70"
         );
         name = "include";
         path = "include";
         sourceTree = "<group>";
      };
      "OBJ_68" = {
         isa = "PBXFileReference";
         path = "utils.h";
         sourceTree = "<group>";
      };
      "OBJ_69" = {
         isa = "PBXFileReference";
         path = "http_parser.h";
         sourceTree = "<group>";
      };
      "OBJ_7" = {
         isa = "PBXGroup";
         children = (
            "OBJ_8"
         );
         name = "Sources";
         path = "";
         sourceTree = "SOURCE_ROOT";
      };
      "OBJ_70" = {
         isa = "PBXFileReference";
         path = "CHTTPParser.h";
         sourceTree = "<group>";
      };
      "OBJ_71" = {
         isa = "PBXFileReference";
         explicitFileType = "sourcecode.swift";
         name = "Package.swift";
         path = "/Users/oliverdew/Dev/kitura-http-test/.build/checkouts/Kitura-net.git-1653805053203674557/Package.swift";
         sourceTree = "<group>";
      };
      "OBJ_72" = {
         isa = "PBXGroup";
         children = (
            "OBJ_73",
            "OBJ_75"
         );
         name = "SSLService 1.0.22";
         path = "";
         sourceTree = "SOURCE_ROOT";
      };
      "OBJ_73" = {
         isa = "PBXGroup";
         children = (
            "OBJ_74"
         );
         name = "SSLService";
         path = ".build/checkouts/BlueSSLService.git-716934422986206503/Sources/SSLService";
         sourceTree = "SOURCE_ROOT";
      };
      "OBJ_74" = {
         isa = "PBXFileReference";
         path = "SSLService.swift";
         sourceTree = "<group>";
      };
      "OBJ_75" = {
         isa = "PBXFileReference";
         explicitFileType = "sourcecode.swift";
         name = "Package.swift";
         path = "/Users/oliverdew/Dev/kitura-http-test/.build/checkouts/BlueSSLService.git-716934422986206503/Package.swift";
         sourceTree = "<group>";
      };
      "OBJ_76" = {
         isa = "PBXGroup";
         children = (
            "OBJ_77",
            "OBJ_81"
         );
         name = "Socket 1.0.22";
         path = "";
         sourceTree = "SOURCE_ROOT";
      };
      "OBJ_77" = {
         isa = "PBXGroup";
         children = (
            "OBJ_78",
            "OBJ_79",
            "OBJ_80"
         );
         name = "Socket";
         path = ".build/checkouts/BlueSocket.git--146577327933563177/Sources/Socket";
         sourceTree = "SOURCE_ROOT";
      };
      "OBJ_78" = {
         isa = "PBXFileReference";
         path = "Socket.swift";
         sourceTree = "<group>";
      };
      "OBJ_79" = {
         isa = "PBXFileReference";
         path = "SocketProtocols.swift";
         sourceTree = "<group>";
      };
      "OBJ_8" = {
         isa = "PBXGroup";
         children = (
            "OBJ_9",
            "OBJ_10"
         );
         name = "KituraHTTPTest";
         path = "Sources/KituraHTTPTest";
         sourceTree = "SOURCE_ROOT";
      };
      "OBJ_80" = {
         isa = "PBXFileReference";
         path = "SocketUtils.swift";
         sourceTree = "<group>";
      };
      "OBJ_81" = {
         isa = "PBXFileReference";
         explicitFileType = "sourcecode.swift";
         name = "Package.swift";
         path = "/Users/oliverdew/Dev/kitura-http-test/.build/checkouts/BlueSocket.git--146577327933563177/Package.swift";
         sourceTree = "<group>";
      };
      "OBJ_82" = {
         isa = "PBXGroup";
         children = (
            "OBJ_83",
            "OBJ_85"
         );
         name = "LoggerAPI 1.7.3";
         path = "";
         sourceTree = "SOURCE_ROOT";
      };
      "OBJ_83" = {
         isa = "PBXGroup";
         children = (
            "OBJ_84"
         );
         name = "LoggerAPI";
         path = ".build/checkouts/LoggerAPI.git-9192614107447880404/Sources/LoggerAPI";
         sourceTree = "SOURCE_ROOT";
      };
      "OBJ_84" = {
         isa = "PBXFileReference";
         path = "Logger.swift";
         sourceTree = "<group>";
      };
      "OBJ_85" = {
         isa = "PBXFileReference";
         explicitFileType = "sourcecode.swift";
         name = "Package.swift";
         path = "/Users/oliverdew/Dev/kitura-http-test/.build/checkouts/LoggerAPI.git-9192614107447880404/Package.swift";
         sourceTree = "<group>";
      };
      "OBJ_86" = {
         isa = "PBXGroup";
         children = (
            "KituraHTTPTest::KituraHTTPTest::Product",
            "KituraHTTPTest::KituraHTTPTestTests::Product",
            "SSLService::SSLService::Product",
            "Kitura-net::KituraNet::Product",
            "LoggerAPI::LoggerAPI::Product",
            "Kitura-net::CHTTPParser::Product",
            "SwiftyJSON::SwiftyJSON::Product",
            "Socket::Socket::Product"
         );
         name = "Products";
         path = "";
         sourceTree = "BUILT_PRODUCTS_DIR";
      };
      "OBJ_9" = {
         isa = "PBXFileReference";
         path = "Request.swift";
         sourceTree = "<group>";
      };
      "OBJ_96" = {
         isa = "XCConfigurationList";
         buildConfigurations = (
            "OBJ_97",
            "OBJ_98"
         );
         defaultConfigurationIsVisible = "0";
         defaultConfigurationName = "Release";
      };
      "OBJ_97" = {
         isa = "XCBuildConfiguration";
         buildSettings = {
            CLANG_ENABLE_MODULES = "YES";
            DEFINES_MODULE = "YES";
            ENABLE_TESTABILITY = "YES";
            FRAMEWORK_SEARCH_PATHS = (
               "$(inherited)",
               "$(PLATFORM_DIR)/Developer/Library/Frameworks"
            );
            HEADER_SEARCH_PATHS = (
               "$(inherited)",
               "$(SRCROOT)/.build/checkouts/Kitura-net.git-1653805053203674557/Sources/CHTTPParser/include"
            );
            INFOPLIST_FILE = "KituraHTTPTest.xcodeproj/CHTTPParser_Info.plist";
            LD_RUNPATH_SEARCH_PATHS = (
               "$(inherited)",
               "$(TOOLCHAIN_DIR)/usr/lib/swift/macosx"
            );
            OTHER_CFLAGS = (
               "$(inherited)"
            );
            OTHER_LDFLAGS = (
               "$(inherited)"
            );
            OTHER_SWIFT_FLAGS = (
               "$(inherited)"
            );
            PRODUCT_BUNDLE_IDENTIFIER = "CHTTPParser";
            PRODUCT_MODULE_NAME = "$(TARGET_NAME:c99extidentifier)";
            PRODUCT_NAME = "$(TARGET_NAME:c99extidentifier)";
            SKIP_INSTALL = "YES";
            SWIFT_ACTIVE_COMPILATION_CONDITIONS = (
               "$(inherited)"
            );
            TARGET_NAME = "CHTTPParser";
         };
         name = "Debug";
      };
      "OBJ_98" = {
         isa = "XCBuildConfiguration";
         buildSettings = {
            CLANG_ENABLE_MODULES = "YES";
            DEFINES_MODULE = "YES";
            ENABLE_TESTABILITY = "YES";
            FRAMEWORK_SEARCH_PATHS = (
               "$(inherited)",
               "$(PLATFORM_DIR)/Developer/Library/Frameworks"
            );
            HEADER_SEARCH_PATHS = (
               "$(inherited)",
               "$(SRCROOT)/.build/checkouts/Kitura-net.git-1653805053203674557/Sources/CHTTPParser/include"
            );
            INFOPLIST_FILE = "KituraHTTPTest.xcodeproj/CHTTPParser_Info.plist";
            LD_RUNPATH_SEARCH_PATHS = (
               "$(inherited)",
               "$(TOOLCHAIN_DIR)/usr/lib/swift/macosx"
            );
            OTHER_CFLAGS = (
               "$(inherited)"
            );
            OTHER_LDFLAGS = (
               "$(inherited)"
            );
            OTHER_SWIFT_FLAGS = (
               "$(inherited)"
            );
            PRODUCT_BUNDLE_IDENTIFIER = "CHTTPParser";
            PRODUCT_MODULE_NAME = "$(TARGET_NAME:c99extidentifier)";
            PRODUCT_NAME = "$(TARGET_NAME:c99extidentifier)";
            SKIP_INSTALL = "YES";
            SWIFT_ACTIVE_COMPILATION_CONDITIONS = (
               "$(inherited)"
            );
            TARGET_NAME = "CHTTPParser";
         };
         name = "Release";
      };
      "OBJ_99" = {
         isa = "PBXSourcesBuildPhase";
         files = (
            "OBJ_100",
            "OBJ_101"
         );
      };
      "SSLService::SSLService" = {
         isa = "PBXNativeTarget";
         buildConfigurationList = "OBJ_232";
         buildPhases = (
            "OBJ_235",
            "OBJ_237"
         );
         dependencies = (
            "OBJ_239"
         );
         name = "SSLService";
         productName = "SSLService";
         productReference = "SSLService::SSLService::Product";
         productType = "com.apple.product-type.framework";
      };
      "SSLService::SSLService::Product" = {
         isa = "PBXFileReference";
         path = "SSLService.framework";
         sourceTree = "BUILT_PRODUCTS_DIR";
      };
      "SSLService::SwiftPMPackageDescription" = {
         isa = "PBXNativeTarget";
         buildConfigurationList = "OBJ_241";
         buildPhases = (
            "OBJ_244"
         );
         dependencies = (
         );
         name = "SSLServicePackageDescription";
         productName = "SSLServicePackageDescription";
         productType = "com.apple.product-type.framework";
      };
      "Socket::Socket" = {
         isa = "PBXNativeTarget";
         buildConfigurationList = "OBJ_246";
         buildPhases = (
            "OBJ_249",
            "OBJ_253"
         );
         dependencies = (
         );
         name = "Socket";
         productName = "Socket";
         productReference = "Socket::Socket::Product";
         productType = "com.apple.product-type.framework";
      };
      "Socket::Socket::Product" = {
         isa = "PBXFileReference";
         path = "Socket.framework";
         sourceTree = "BUILT_PRODUCTS_DIR";
      };
      "Socket::SwiftPMPackageDescription" = {
         isa = "PBXNativeTarget";
         buildConfigurationList = "OBJ_255";
         buildPhases = (
            "OBJ_258"
         );
         dependencies = (
         );
         name = "SocketPackageDescription";
         productName = "SocketPackageDescription";
         productType = "com.apple.product-type.framework";
      };
      "SwiftyJSON::SwiftPMPackageDescription" = {
         isa = "PBXNativeTarget";
         buildConfigurationList = "OBJ_268";
         buildPhases = (
            "OBJ_271"
         );
         dependencies = (
         );
         name = "SwiftyJSONPackageDescription";
         productName = "SwiftyJSONPackageDescription";
         productType = "com.apple.product-type.framework";
      };
      "SwiftyJSON::SwiftyJSON" = {
         isa = "PBXNativeTarget";
         buildConfigurationList = "OBJ_260";
         buildPhases = (
            "OBJ_263",
            "OBJ_266"
         );
         dependencies = (
         );
         name = "SwiftyJSON";
         productName = "SwiftyJSON";
         productReference = "SwiftyJSON::SwiftyJSON::Product";
         productType = "com.apple.product-type.framework";
      };
      "SwiftyJSON::SwiftyJSON::Product" = {
         isa = "PBXFileReference";
         path = "SwiftyJSON.framework";
         sourceTree = "BUILT_PRODUCTS_DIR";
      };
   };
   rootObject = "OBJ_1";
}
